
Microsoft Visual Studio Solution File, Format Version 12.00
# Visual Studio Version 17
VisualStudioVersion = 17.5.002.0
MinimumVisualStudioVersion = 10.0.40219.1
Project("{9A19103F-16F7-4668-BE54-9A1E7A4F7556}") = "BankApp", "BankApp\BankApp.csproj", "{B04EEEB9-6D86-46BC-B850-73A0B0A65F4D}"
EndProject
Global
	GlobalSection(SolutionConfigurationPlatforms) = preSolution
		Debug|Any CPU = Debug|Any CPU
		Release|Any CPU = Release|Any CPU
	EndGlobalSection
	GlobalSection(ProjectConfigurationPlatforms) = postSolution
		{B04EEEB9-6D86-46BC-B850-73A0B0A65F4D}.Debug|Any CPU.ActiveCfg = Debug|Any CPU
		{B04EEEB9-6D86-46BC-B850-73A0B0A65F4D}.Debug|Any CPU.Build.0 = Debug|Any CPU
		{B04EEEB9-6D86-46BC-B850-73A0B0A65F4D}.Release|Any CPU.ActiveCfg = Release|Any CPU
		{B04EEEB9-6D86-46BC-B850-73A0B0A65F4D}.Release|Any CPU.Build.0 = Release|Any CPU
	EndGlobalSection
	GlobalSection(SolutionProperties) = preSolution
		HideSolutionNode = FALSE
	EndGlobalSection
	GlobalSection(ExtensibilityGlobals) = postSolution
		SolutionGuid = {89F27185-CFB9-4391-A56C-4BFA6E633FF1}
	EndGlobalSection
EndGlobal
